
Microsoft Visual Studio Solution File, Format Version 12.00
# Visual Studio Version 17
VisualStudioVersion = 17.0.32112.339
MinimumVisualStudioVersion = 10.0.40219.1
Project("{FAE04EC0-301F-11D3-BF4B-00C04F79EFBC}") = "rifta", "rifta\rifta.csproj", "{62F35809-92A8-4C3A-9960-92991FFB25DB}"
EndProject
Global
	GlobalSection(SolutionConfigurationPlatforms) = preSolution
		Debug|Any CPU = Debug|Any CPU
		Release|Any CPU = Release|Any CPU
	EndGlobalSection
	GlobalSection(ProjectConfigurationPlatforms) = postSolution
		{62F35809-92A8-4C3A-9960-92991FFB25DB}.Debug|Any CPU.ActiveCfg = Debug|Any CPU
		{62F35809-92A8-4C3A-9960-92991FFB25DB}.Debug|Any CPU.Build.0 = Debug|Any CPU
		{62F35809-92A8-4C3A-9960-92991FFB25DB}.Release|Any CPU.ActiveCfg = Release|Any CPU
		{62F35809-92A8-4C3A-9960-92991FFB25DB}.Release|Any CPU.Build.0 = Release|Any CPU
	EndGlobalSection
	GlobalSection(SolutionProperties) = preSolution
		HideSolutionNode = FALSE
	EndGlobalSection
	GlobalSection(ExtensibilityGlobals) = postSolution
		SolutionGuid = {14B71F29-B0A5-4524-92A7-8482A7B7529B}
	EndGlobalSection
EndGlobal
